
Microsoft Visual Studio Solution File, Format Version 12.00
# Visual Studio Version 17
VisualStudioVersion = 17.8.34330.188
MinimumVisualStudioVersion = 10.0.40219.1
Project("{FAE04EC0-301F-11D3-BF4B-00C04F79EFBC}") = "AutoMapperResearch", "AutoMapperResearch\AutoMapperResearch.csproj", "{55503626-0B0E-42F3-8A9D-B6EF8C97016B}"
EndProject
Global
	GlobalSection(SolutionConfigurationPlatforms) = preSolution
		Debug|Any CPU = Debug|Any CPU
		Release|Any CPU = Release|Any CPU
	EndGlobalSection
	GlobalSection(ProjectConfigurationPlatforms) = postSolution
		{55503626-0B0E-42F3-8A9D-B6EF8C97016B}.Debug|Any CPU.ActiveCfg = Debug|Any CPU
		{55503626-0B0E-42F3-8A9D-B6EF8C97016B}.Debug|Any CPU.Build.0 = Debug|Any CPU
		{55503626-0B0E-42F3-8A9D-B6EF8C97016B}.Release|Any CPU.ActiveCfg = Release|Any CPU
		{55503626-0B0E-42F3-8A9D-B6EF8C97016B}.Release|Any CPU.Build.0 = Release|Any CPU
	EndGlobalSection
	GlobalSection(SolutionProperties) = preSolution
		HideSolutionNode = FALSE
	EndGlobalSection
	GlobalSection(ExtensibilityGlobals) = postSolution
		SolutionGuid = {00710448-591E-48AC-8414-62B47E287E6B}
	EndGlobalSection
EndGlobal
